
Microsoft Visual Studio Solution File, Format Version 12.00
# Visual Studio Version 17
VisualStudioVersion = 17.5.33516.290
MinimumVisualStudioVersion = 10.0.40219.1
Project("{9A19103F-16F7-4668-BE54-9A1E7A4F7556}") = "Suyaa", "Suyaa\Suyaa.csproj", "{EF4D8DF7-D263-4BA5-9D7E-B95FCBDDBDF5}"
EndProject
Project("{2150E333-8FDC-42A3-9474-1A3956D46DE8}") = "UnitTests", "UnitTests", "{BE93F3E5-E556-4225-B51F-1DDF84B4600F}"
EndProject
Project("{9A19103F-16F7-4668-BE54-9A1E7A4F7556}") = "Suyaa.Tests", "UnitTests\Egg.Tests\Suyaa.Tests.csproj", "{32B6EC94-BB19-4887-8A63-89C27F54A472}"
EndProject
Project("{9A19103F-16F7-4668-BE54-9A1E7A4F7556}") = "Suyaa.Configure", "Suyaa.Configure\Suyaa.Configure.csproj", "{85E664CB-6E53-47C4-9833-07B11AE7B093}"
EndProject
Project("{9A19103F-16F7-4668-BE54-9A1E7A4F7556}") = "Suyaa.Configure.Tests", "UnitTests\Suyaa.Configure.Tests\Suyaa.Configure.Tests.csproj", "{80FD68BB-C9B6-435C-AFDB-E0BFD6D168D2}"
EndProject
Project("{9A19103F-16F7-4668-BE54-9A1E7A4F7556}") = "Suyaa.Logs.Tests", "UnitTests\Suyaa.Log.Tests\Suyaa.Logs.Tests.csproj", "{71E21DBF-34E3-4C4C-8577-7AD47BA88467}"
EndProject
Project("{9A19103F-16F7-4668-BE54-9A1E7A4F7556}") = "Suyaa.Logs", "Suyaa.Logs\Suyaa.Logs.csproj", "{D5BAF6AE-ED6C-4631-AD4E-D99DFB310D7F}"
EndProject
Project("{9A19103F-16F7-4668-BE54-9A1E7A4F7556}") = "Suyaa.Data", "Suyaa.Data\Suyaa.Data.csproj", "{8A8E0687-C218-4F1A-B3FB-F9A7B91867CF}"
EndProject
Project("{9A19103F-16F7-4668-BE54-9A1E7A4F7556}") = "Suyaa.Data.Sqlite", "Suyaa.Data.Sqlite\Suyaa.Data.Sqlite.csproj", "{1322566E-37A2-4101-A128-305D96C23EBB}"
EndProject
Project("{9A19103F-16F7-4668-BE54-9A1E7A4F7556}") = "Suyaa.Data.PostgreSQL", "Suyaa.Data.PostgreSQL\Suyaa.Data.PostgreSQL.csproj", "{A7DE8B1B-D312-4659-8345-C7C90497BEC1}"
EndProject
Project("{9A19103F-16F7-4668-BE54-9A1E7A4F7556}") = "Suyaa.Sqlite.Tests", "UnitTests\Suyaa.Sqlite.Tests\Suyaa.Sqlite.Tests.csproj", "{FDCD1197-A3C9-4AD3-BE1A-BCFEAD2D1F3B}"
EndProject
Project("{9A19103F-16F7-4668-BE54-9A1E7A4F7556}") = "Suyaa.PostgreSQL.Tests", "Suyaa.PostgreSQL.Tests\Suyaa.PostgreSQL.Tests.csproj", "{D941EDAD-37CE-4ACB-BB2D-BC2C9640AB08}"
EndProject
Project("{9A19103F-16F7-4668-BE54-9A1E7A4F7556}") = "Suyaa.EFCore", "Suyaa.EFCore\Suyaa.EFCore.csproj", "{E9F1FDEB-D7E0-4856-B876-03376C1C15C8}"
EndProject
Project("{9A19103F-16F7-4668-BE54-9A1E7A4F7556}") = "Suyaa.EFCore.Sqlite", "Suyaa.EFCore.Sqlite\Suyaa.EFCore.Sqlite.csproj", "{42008DE4-59C9-4370-B699-B076938B44C2}"
EndProject
Project("{9A19103F-16F7-4668-BE54-9A1E7A4F7556}") = "Suyaa.EFCore.PostgreSQL", "Suyaa.EFCore.PostgreSQL\Suyaa.EFCore.PostgreSQL.csproj", "{EB2C4D22-73AC-4FB1-AD8D-3DEE0583CC52}"
EndProject
Global
	GlobalSection(SolutionConfigurationPlatforms) = preSolution
		Debug|Any CPU = Debug|Any CPU
		Release|Any CPU = Release|Any CPU
	EndGlobalSection
	GlobalSection(ProjectConfigurationPlatforms) = postSolution
		{EF4D8DF7-D263-4BA5-9D7E-B95FCBDDBDF5}.Debug|Any CPU.ActiveCfg = Debug|Any CPU
		{EF4D8DF7-D263-4BA5-9D7E-B95FCBDDBDF5}.Debug|Any CPU.Build.0 = Debug|Any CPU
		{EF4D8DF7-D263-4BA5-9D7E-B95FCBDDBDF5}.Release|Any CPU.ActiveCfg = Release|Any CPU
		{EF4D8DF7-D263-4BA5-9D7E-B95FCBDDBDF5}.Release|Any CPU.Build.0 = Release|Any CPU
		{32B6EC94-BB19-4887-8A63-89C27F54A472}.Debug|Any CPU.ActiveCfg = Debug|Any CPU
		{32B6EC94-BB19-4887-8A63-89C27F54A472}.Debug|Any CPU.Build.0 = Debug|Any CPU
		{32B6EC94-BB19-4887-8A63-89C27F54A472}.Release|Any CPU.ActiveCfg = Release|Any CPU
		{32B6EC94-BB19-4887-8A63-89C27F54A472}.Release|Any CPU.Build.0 = Release|Any CPU
		{85E664CB-6E53-47C4-9833-07B11AE7B093}.Debug|Any CPU.ActiveCfg = Debug|Any CPU
		{85E664CB-6E53-47C4-9833-07B11AE7B093}.Debug|Any CPU.Build.0 = Debug|Any CPU
		{85E664CB-6E53-47C4-9833-07B11AE7B093}.Release|Any CPU.ActiveCfg = Release|Any CPU
		{85E664CB-6E53-47C4-9833-07B11AE7B093}.Release|Any CPU.Build.0 = Release|Any CPU
		{80FD68BB-C9B6-435C-AFDB-E0BFD6D168D2}.Debug|Any CPU.ActiveCfg = Debug|Any CPU
		{80FD68BB-C9B6-435C-AFDB-E0BFD6D168D2}.Debug|Any CPU.Build.0 = Debug|Any CPU
		{80FD68BB-C9B6-435C-AFDB-E0BFD6D168D2}.Release|Any CPU.ActiveCfg = Release|Any CPU
		{80FD68BB-C9B6-435C-AFDB-E0BFD6D168D2}.Release|Any CPU.Build.0 = Release|Any CPU
		{71E21DBF-34E3-4C4C-8577-7AD47BA88467}.Debug|Any CPU.ActiveCfg = Debug|Any CPU
		{71E21DBF-34E3-4C4C-8577-7AD47BA88467}.Debug|Any CPU.Build.0 = Debug|Any CPU
		{71E21DBF-34E3-4C4C-8577-7AD47BA88467}.Release|Any CPU.ActiveCfg = Release|Any CPU
		{71E21DBF-34E3-4C4C-8577-7AD47BA88467}.Release|Any CPU.Build.0 = Release|Any CPU
		{D5BAF6AE-ED6C-4631-AD4E-D99DFB310D7F}.Debug|Any CPU.ActiveCfg = Debug|Any CPU
		{D5BAF6AE-ED6C-4631-AD4E-D99DFB310D7F}.Debug|Any CPU.Build.0 = Debug|Any CPU
		{D5BAF6AE-ED6C-4631-AD4E-D99DFB310D7F}.Release|Any CPU.ActiveCfg = Release|Any CPU
		{D5BAF6AE-ED6C-4631-AD4E-D99DFB310D7F}.Release|Any CPU.Build.0 = Release|Any CPU
		{8A8E0687-C218-4F1A-B3FB-F9A7B91867CF}.Debug|Any CPU.ActiveCfg = Debug|Any CPU
		{8A8E0687-C218-4F1A-B3FB-F9A7B91867CF}.Debug|Any CPU.Build.0 = Debug|Any CPU
		{8A8E0687-C218-4F1A-B3FB-F9A7B91867CF}.Release|Any CPU.ActiveCfg = Release|Any CPU
		{8A8E0687-C218-4F1A-B3FB-F9A7B91867CF}.Release|Any CPU.Build.0 = Release|Any CPU
		{1322566E-37A2-4101-A128-305D96C23EBB}.Debug|Any CPU.ActiveCfg = Debug|Any CPU
		{1322566E-37A2-4101-A128-305D96C23EBB}.Debug|Any CPU.Build.0 = Debug|Any CPU
		{1322566E-37A2-4101-A128-305D96C23EBB}.Release|Any CPU.ActiveCfg = Release|Any CPU
		{1322566E-37A2-4101-A128-305D96C23EBB}.Release|Any CPU.Build.0 = Release|Any CPU
		{A7DE8B1B-D312-4659-8345-C7C90497BEC1}.Debug|Any CPU.ActiveCfg = Debug|Any CPU
		{A7DE8B1B-D312-4659-8345-C7C90497BEC1}.Debug|Any CPU.Build.0 = Debug|Any CPU
		{A7DE8B1B-D312-4659-8345-C7C90497BEC1}.Release|Any CPU.ActiveCfg = Release|Any CPU
		{A7DE8B1B-D312-4659-8345-C7C90497BEC1}.Release|Any CPU.Build.0 = Release|Any CPU
		{FDCD1197-A3C9-4AD3-BE1A-BCFEAD2D1F3B}.Debug|Any CPU.ActiveCfg = Debug|Any CPU
		{FDCD1197-A3C9-4AD3-BE1A-BCFEAD2D1F3B}.Debug|Any CPU.Build.0 = Debug|Any CPU
		{FDCD1197-A3C9-4AD3-BE1A-BCFEAD2D1F3B}.Release|Any CPU.ActiveCfg = Release|Any CPU
		{FDCD1197-A3C9-4AD3-BE1A-BCFEAD2D1F3B}.Release|Any CPU.Build.0 = Release|Any CPU
		{D941EDAD-37CE-4ACB-BB2D-BC2C9640AB08}.Debug|Any CPU.ActiveCfg = Debug|Any CPU
		{D941EDAD-37CE-4ACB-BB2D-BC2C9640AB08}.Debug|Any CPU.Build.0 = Debug|Any CPU
		{D941EDAD-37CE-4ACB-BB2D-BC2C9640AB08}.Release|Any CPU.ActiveCfg = Release|Any CPU
		{D941EDAD-37CE-4ACB-BB2D-BC2C9640AB08}.Release|Any CPU.Build.0 = Release|Any CPU
		{E9F1FDEB-D7E0-4856-B876-03376C1C15C8}.Debug|Any CPU.ActiveCfg = Debug|Any CPU
		{E9F1FDEB-D7E0-4856-B876-03376C1C15C8}.Debug|Any CPU.Build.0 = Debug|Any CPU
		{E9F1FDEB-D7E0-4856-B876-03376C1C15C8}.Release|Any CPU.ActiveCfg = Release|Any CPU
		{E9F1FDEB-D7E0-4856-B876-03376C1C15C8}.Release|Any CPU.Build.0 = Release|Any CPU
		{42008DE4-59C9-4370-B699-B076938B44C2}.Debug|Any CPU.ActiveCfg = Debug|Any CPU
		{42008DE4-59C9-4370-B699-B076938B44C2}.Debug|Any CPU.Build.0 = Debug|Any CPU
		{42008DE4-59C9-4370-B699-B076938B44C2}.Release|Any CPU.ActiveCfg = Release|Any CPU
		{42008DE4-59C9-4370-B699-B076938B44C2}.Release|Any CPU.Build.0 = Release|Any CPU
		{EB2C4D22-73AC-4FB1-AD8D-3DEE0583CC52}.Debug|Any CPU.ActiveCfg = Debug|Any CPU
		{EB2C4D22-73AC-4FB1-AD8D-3DEE0583CC52}.Debug|Any CPU.Build.0 = Debug|Any CPU
		{EB2C4D22-73AC-4FB1-AD8D-3DEE0583CC52}.Release|Any CPU.ActiveCfg = Release|Any CPU
		{EB2C4D22-73AC-4FB1-AD8D-3DEE0583CC52}.Release|Any CPU.Build.0 = Release|Any CPU
	EndGlobalSection
	GlobalSection(SolutionProperties) = preSolution
		HideSolutionNode = FALSE
	EndGlobalSection
	GlobalSection(NestedProjects) = preSolution
		{32B6EC94-BB19-4887-8A63-89C27F54A472} = {BE93F3E5-E556-4225-B51F-1DDF84B4600F}
		{80FD68BB-C9B6-435C-AFDB-E0BFD6D168D2} = {BE93F3E5-E556-4225-B51F-1DDF84B4600F}
		{71E21DBF-34E3-4C4C-8577-7AD47BA88467} = {BE93F3E5-E556-4225-B51F-1DDF84B4600F}
		{FDCD1197-A3C9-4AD3-BE1A-BCFEAD2D1F3B} = {BE93F3E5-E556-4225-B51F-1DDF84B4600F}
		{D941EDAD-37CE-4ACB-BB2D-BC2C9640AB08} = {BE93F3E5-E556-4225-B51F-1DDF84B4600F}
	EndGlobalSection
	GlobalSection(ExtensibilityGlobals) = postSolution
		SolutionGuid = {89808027-9D7E-4CCD-819C-186060D5B287}
	EndGlobalSection
EndGlobal
